<?xml version="1.0" encoding="utf-8"?>
<Project ToolsVersion="4.0" xmlns="http://schemas.microsoft.com/developer/msbuild/2003">
  <ItemGroup>
    <Filter Include="Resource Files">
      <UniqueIdentifier>{67DA6AB6-F800-4c08-8B7A-83BB121AAD01}</UniqueIdentifier>
      <Extensions>rc;ico;cur;bmp;dlg;rc2;rct;bin;rgs;gif;jpg;jpeg;jpe;resx;tiff;tif;png;wav;mfcribbon-ms</Extensions>
    </Filter>
    <Filter Include="Scene">
      <UniqueIdentifier>{3bb70c42-d540-4d31-a644-9a60698a735f}</UniqueIdentifier>
    </Filter>
    <Filter Include="System">
      <UniqueIdentifier>{e6c02580-6541-4445-a8a3-4e7c1b61aba6}</UniqueIdentifier>
    </Filter>
    <Filter Include="TestScene">
      <UniqueIdentifier>{ddf23f22-9bf8-4a41-ab0c-47b8af3c20d4}</UniqueIdentifier>
    </Filter>
    <Filter Include="Entity">
      <UniqueIdentifier>{5c37bdfd-33e6-4042-9474-0f3bc6fb90af}</UniqueIdentifier>
    </Filter>
    <Filter Include="Timer">
      <UniqueIdentifier>{eed8ceef-be34-4808-992a-0ac761bf5680}</UniqueIdentifier>
    </Filter>
    <Filter Include="Player">
      <UniqueIdentifier>{f03951a2-3d3d-4c07-81b4-0e190227ed67}</UniqueIdentifier>
    </Filter>
    <Filter Include="Font">
      <UniqueIdentifier>{704deaab-88ca-4875-a230-468c98e9ba92}</UniqueIdentifier>
    </Filter>
    <Filter Include="DebugOverlay">
      <UniqueIdentifier>{ffca4d2d-6eec-479b-8104-791aad0dd9c7}</UniqueIdentifier>
    </Filter>
    <Filter Include="Renderer">
      <UniqueIdentifier>{455009c4-175b-49f3-8faa-ec79fe356d4e}</UniqueIdentifier>
    </Filter>
    <Filter Include="Texture">
      <UniqueIdentifier>{f39a4bfb-dde9-4dd6-9c66-b00cc8aefa75}</UniqueIdentifier>
    </Filter>
    <Filter Include="Object">
      <UniqueIdentifier>{75fc7907-bfd9-43a2-b748-e400fb898450}</UniqueIdentifier>
    </Filter>
  </ItemGroup>
  <ItemGroup>
    <ClCompile Include="main.cpp" />
    <ClCompile Include="Scene.cpp">
      <Filter>Scene</Filter>
    </ClCompile>
    <ClCompile Include="System.cpp">
      <Filter>System</Filter>
    </ClCompile>
    <ClCompile Include="TestScene.cpp">
      <Filter>TestScene</Filter>
    </ClCompile>
    <ClCompile Include="common.cpp" />
    <ClCompile Include="Entity.cpp">
      <Filter>Entity</Filter>
    </ClCompile>
    <ClCompile Include="Timer.cpp">
      <Filter>Timer</Filter>
    </ClCompile>
    <ClCompile Include="Font.cpp">
      <Filter>Font</Filter>
    </ClCompile>
    <ClCompile Include="Player.cpp">
      <Filter>Player</Filter>
    </ClCompile>
    <ClCompile Include="DebugOverlay.cpp">
      <Filter>DebugOverlay</Filter>
    </ClCompile>
    <ClCompile Include="Renderer.cpp">
      <Filter>Renderer</Filter>
    </ClCompile>
    <ClCompile Include="Texture.cpp">
      <Filter>Texture</Filter>
    </ClCompile>
    <ClCompile Include="Object.cpp">
      <Filter>Object</Filter>
    </ClCompile>
  </ItemGroup>
  <ItemGroup>
    <ClInclude Include="Scene.h">
      <Filter>Scene</Filter>
    </ClInclude>
    <ClInclude Include="System.h">
      <Filter>System</Filter>
    </ClInclude>
    <ClInclude Include="TestScene.h">
      <Filter>TestScene</Filter>
    </ClInclude>
    <ClInclude Include="common.h" />
    <ClInclude Include="Entity.h">
      <Filter>Entity</Filter>
    </ClInclude>
    <ClInclude Include="EntityFlags.h">
      <Filter>Entity</Filter>
    </ClInclude>
    <ClInclude Include="Timer.h">
      <Filter>Timer</Filter>
    </ClInclude>
    <ClInclude Include="Font.h">
      <Filter>Font</Filter>
    </ClInclude>
    <ClInclude Include="Player.h">
      <Filter>Player</Filter>
    </ClInclude>
    <ClInclude Include="DebugOverlay.h">
      <Filter>DebugOverlay</Filter>
    </ClInclude>
    <ClInclude Include="Renderer.h">
      <Filter>Renderer</Filter>
    </ClInclude>
    <ClInclude Include="Texture.h">
      <Filter>Texture</Filter>
    </ClInclude>
    <ClInclude Include="Object.h">
      <Filter>Object</Filter>
    </ClInclude>
  </ItemGroup>
</Project>